
Microsoft Visual Studio Solution File, Format Version 12.00
# Visual Studio Version 17
VisualStudioVersion = 17.13.35913.81 d17.13
MinimumVisualStudioVersion = 10.0.40219.1
Project("{FAE04EC0-301F-11D3-BF4B-00C04F79EFBC}") = "Filminurk_Airon_Tatrik_TARpe24", "Filminurk_Airon_Tatrik_TARpe24.csproj", "{6E39FAA5-A63F-42B3-97C6-4A6E675853D2}"
EndProject
Global
	GlobalSection(SolutionConfigurationPlatforms) = preSolution
		Debug|Any CPU = Debug|Any CPU
		Release|Any CPU = Release|Any CPU
	EndGlobalSection
	GlobalSection(ProjectConfigurationPlatforms) = postSolution
		{6E39FAA5-A63F-42B3-97C6-4A6E675853D2}.Debug|Any CPU.ActiveCfg = Debug|Any CPU
		{6E39FAA5-A63F-42B3-97C6-4A6E675853D2}.Debug|Any CPU.Build.0 = Debug|Any CPU
		{6E39FAA5-A63F-42B3-97C6-4A6E675853D2}.Release|Any CPU.ActiveCfg = Release|Any CPU
		{6E39FAA5-A63F-42B3-97C6-4A6E675853D2}.Release|Any CPU.Build.0 = Release|Any CPU
	EndGlobalSection
	GlobalSection(SolutionProperties) = preSolution
		HideSolutionNode = FALSE
	EndGlobalSection
	GlobalSection(ExtensibilityGlobals) = postSolution
		SolutionGuid = {052CBE9E-E823-4195-AE6F-7715622371A5}
	EndGlobalSection
EndGlobal
